
Microsoft Visual Studio Solution File, Format Version 12.00
# Visual Studio Version 17
VisualStudioVersion = 17.5.002.0
MinimumVisualStudioVersion = 10.0.40219.1
Project("{9A19103F-16F7-4668-BE54-9A1E7A4F7556}") = "farmaatte-api", "farmaatte-api.csproj", "{DB61185F-4A27-44CB-B662-BBC73F0D6ADC}"
EndProject
Global
	GlobalSection(SolutionConfigurationPlatforms) = preSolution
		Debug|Any CPU = Debug|Any CPU
		Release|Any CPU = Release|Any CPU
	EndGlobalSection
	GlobalSection(ProjectConfigurationPlatforms) = postSolution
		{DB61185F-4A27-44CB-B662-BBC73F0D6ADC}.Debug|Any CPU.ActiveCfg = Debug|Any CPU
		{DB61185F-4A27-44CB-B662-BBC73F0D6ADC}.Debug|Any CPU.Build.0 = Debug|Any CPU
		{DB61185F-4A27-44CB-B662-BBC73F0D6ADC}.Release|Any CPU.ActiveCfg = Release|Any CPU
		{DB61185F-4A27-44CB-B662-BBC73F0D6ADC}.Release|Any CPU.Build.0 = Release|Any CPU
	EndGlobalSection
	GlobalSection(SolutionProperties) = preSolution
		HideSolutionNode = FALSE
	EndGlobalSection
	GlobalSection(ExtensibilityGlobals) = postSolution
		SolutionGuid = {F8F2C854-7DBB-4297-988B-1B11B1B368A3}
	EndGlobalSection
EndGlobal
